lockfileVersion: '6.0'

settings:
  autoInstallPeers: true
  excludeLinksFromLockfile: false

dependencies:
  redis:
    specifier: ^4.6.13
    version: 4.6.13

devDependencies:
  '@types/node':
    specifier: ^20.11.25
    version: 20.11.25
  hono:
    specifier: ^4.0.10
    version: 4.0.10
  typescript:
    specifier: ^5.4.2
    version: 5.4.2

packages:

  /@redis/bloom@1.2.0(@redis/client@1.5.14):
    resolution: {integrity: sha512-HG2DFjYKbpNmVXsa0keLHp/3leGJz1mjh09f2RLGGLQZzSHpkmZWuwJbAvo3QcRY8p80m5+ZdXZdYOSBLlp7Cg==}
    peerDependencies:
      '@redis/client': ^1.0.0
    dependencies:
      '@redis/client': 1.5.14
    dev: false

  /@redis/client@1.5.14:
    resolution: {integrity: sha512-YGn0GqsRBFUQxklhY7v562VMOP0DcmlrHHs3IV1mFE3cbxe31IITUkqhBcIhVSI/2JqtWAJXg5mjV4aU+zD0HA==}
    engines: {node: '>=14'}
    dependencies:
      cluster-key-slot: 1.1.2
      generic-pool: 3.9.0
      yallist: 4.0.0
    dev: false

  /@redis/graph@1.1.1(@redis/client@1.5.14):
    resolution: {integrity: sha512-FEMTcTHZozZciLRl6GiiIB4zGm5z5F3F6a6FZCyrfxdKOhFlGkiAqlexWMBzCi4DcRoyiOsuLfW+cjlGWyExOw==}
    peerDependencies:
      '@redis/client': ^1.0.0
    dependencies:
      '@redis/client': 1.5.14
    dev: false

  /@redis/json@1.0.6(@redis/client@1.5.14):
    resolution: {integrity: sha512-rcZO3bfQbm2zPRpqo82XbW8zg4G/w4W3tI7X8Mqleq9goQjAGLL7q/1n1ZX4dXEAmORVZ4s1+uKLaUOg7LrUhw==}
    peerDependencies:
      '@redis/client': ^1.0.0
    dependencies:
      '@redis/client': 1.5.14
    dev: false

  /@redis/search@1.1.6(@redis/client@1.5.14):
    resolution: {integrity: sha512-mZXCxbTYKBQ3M2lZnEddwEAks0Kc7nauire8q20oA0oA/LoA+E/b5Y5KZn232ztPb1FkIGqo12vh3Lf+Vw5iTw==}
    peerDependencies:
      '@redis/client': ^1.0.0
    dependencies:
      '@redis/client': 1.5.14
    dev: false

  /@redis/time-series@1.0.5(@redis/client@1.5.14):
    resolution: {integrity: sha512-IFjIgTusQym2B5IZJG3XKr5llka7ey84fw/NOYqESP5WUfQs9zz1ww/9+qoz4ka/S6KcGBodzlCeZ5UImKbscg==}
    peerDependencies:
      '@redis/client': ^1.0.0
    dependencies:
      '@redis/client': 1.5.14
    dev: false

  /@types/node@20.11.25:
    resolution: {integrity: sha512-TBHyJxk2b7HceLVGFcpAUjsa5zIdsPWlR6XHfyGzd0SFu+/NFgQgMAl96MSDZgQDvJAvV6BKsFOrt6zIL09JDw==}
    dependencies:
      undici-types: 5.26.5
    dev: true

  /cluster-key-slot@1.1.2:
    resolution: {integrity: sha512-RMr0FhtfXemyinomL4hrWcYJxmX6deFdCxpJzhDttxgO1+bcCnkk+9drydLVDmAMG7NE6aN/fl4F7ucU/90gAA==}
    engines: {node: '>=0.10.0'}
    dev: false

  /generic-pool@3.9.0:
    resolution: {integrity: sha512-hymDOu5B53XvN4QT9dBmZxPX4CWhBPPLguTZ9MMFeFa/Kg0xWVfylOVNlJji/E7yTZWFd/q9GO5TxDLq156D7g==}
    engines: {node: '>= 4'}
    dev: false

  /hono@4.0.10:
    resolution: {integrity: sha512-sq0RFAC3Ij+bkhZu90EGAQnVI1EhohRsjo9BU+BjXLbC71GSy41JjsFqCeg8MRpO2Gdu0A4MXF5licO89tn/rw==}
    engines: {node: '>=16.0.0'}
    dev: true

  /redis@4.6.13:
    resolution: {integrity: sha512-MHgkS4B+sPjCXpf+HfdetBwbRz6vCtsceTmw1pHNYJAsYxrfpOP6dz+piJWGos8wqG7qb3vj/Rrc5qOlmInUuA==}
    dependencies:
      '@redis/bloom': 1.2.0(@redis/client@1.5.14)
      '@redis/client': 1.5.14
      '@redis/graph': 1.1.1(@redis/client@1.5.14)
      '@redis/json': 1.0.6(@redis/client@1.5.14)
      '@redis/search': 1.1.6(@redis/client@1.5.14)
      '@redis/time-series': 1.0.5(@redis/client@1.5.14)
    dev: false

  /typescript@5.4.2:
    resolution: {integrity: sha512-+2/g0Fds1ERlP6JsakQQDXjZdZMM+rqpamFZJEKh4kwTIn3iDkgKtby0CeNd5ATNZ4Ry1ax15TMx0W2V+miizQ==}
    engines: {node: '>=14.17'}
    hasBin: true
    dev: true

  /undici-types@5.26.5:
    resolution: {integrity: sha512-JlCMO+ehdEIKqlFxk6IfVoAUVmgz7cU7zD/h9XZ0qzeosSHmUJVOzSQvvYSYWXkFXC+IfLKSIffhv0sVZup6pA==}
    dev: true

  /yallist@4.0.0:
    resolution: {integrity: sha512-3wdGidZyq5PB084XLES5TpOSRA3wjXAlIWMhum2kRcv/41Sn2emQ0dycQW4uZXLejwKvg6EsvbdlVL+FYEct7A==}
    dev: false
